// !$*UTF8*$!
{
	archiveVersion = 1;
	classes = {
	};
	objectVersion = 51;
	objects = {

/* Begin PBXBuildFile section */
		493366B724202CEF00A3FB7F /* LoginViewController.swift in Sources */ = {isa = PBXBuildFile; fileRef = 493366B624202CEF00A3FB7F /* LoginViewController.swift */; };
		493366B924202D1C00A3FB7F /* FeedViewController.swift in Sources */ = {isa = PBXBuildFile; fileRef = 493366B824202D1C00A3FB7F /* FeedViewController.swift */; };
		493366BB2420316200A3FB7F /* SignupViewController.swift in Sources */ = {isa = PBXBuildFile; fileRef = 493366BA2420316200A3FB7F /* SignupViewController.swift */; };
		49C5EA7D2443EBE00005A807 /* MapKit.framework in Frameworks */ = {isa = PBXBuildFile; fileRef = 49C5EA7C2443EBE00005A807 /* MapKit.framework */; };
		49C5EA7F2443EF770005A807 /* PhotoMapViewController.swift in Sources */ = {isa = PBXBuildFile; fileRef = 49C5EA7E2443EF770005A807 /* PhotoMapViewController.swift */; };
		49C5EA81244405A90005A807 /* CoreLocation.framework in Frameworks */ = {isa = PBXBuildFile; fileRef = 49C5EA80244405A90005A807 /* CoreLocation.framework */; };
		6FA17407EC990D5C0F139A02 /* Pods_FoodEx.framework in Frameworks */ = {isa = PBXBuildFile; fileRef = 3F3EEF045B704FBF18D4963E /* Pods_FoodEx.framework */; };
		75531D1024445E510015D541 /* PostCell.swift in Sources */ = {isa = PBXBuildFile; fileRef = 75531D0F24445E510015D541 /* PostCell.swift */; };
		B11F69B1240DDC9E006B96A9 /* AppDelegate.swift in Sources */ = {isa = PBXBuildFile; fileRef = B11F69B0240DDC9E006B96A9 /* AppDelegate.swift */; };
		B11F69B3240DDC9E006B96A9 /* SceneDelegate.swift in Sources */ = {isa = PBXBuildFile; fileRef = B11F69B2240DDC9E006B96A9 /* SceneDelegate.swift */; };
		B11F69B8240DDC9E006B96A9 /* Main.storyboard in Resources */ = {isa = PBXBuildFile; fileRef = B11F69B6240DDC9E006B96A9 /* Main.storyboard */; };
		B11F69BA240DDCA1006B96A9 /* Assets.xcassets in Resources */ = {isa = PBXBuildFile; fileRef = B11F69B9240DDCA1006B96A9 /* Assets.xcassets */; };
		B11F69BD240DDCA1006B96A9 /* LaunchScreen.storyboard in Resources */ = {isa = PBXBuildFile; fileRef = B11F69BB240DDCA1006B96A9 /* LaunchScreen.storyboard */; };
		B11F69C8240DDCA1006B96A9 /* FoodExTests.swift in Sources */ = {isa = PBXBuildFile; fileRef = B11F69C7240DDCA1006B96A9 /* FoodExTests.swift */; };
		B11F69D3240DDCA1006B96A9 /* FoodExUITests.swift in Sources */ = {isa = PBXBuildFile; fileRef = B11F69D2240DDCA1006B96A9 /* FoodExUITests.swift */; };
		B11F69E724414EE6006B96A9 /* PhotoViewController.swift in Sources */ = {isa = PBXBuildFile; fileRef = B11F69E624414EE6006B96A9 /* PhotoViewController.swift */; };
		B1AF82DA244ABE9700FE0ED3 /* ProfileCameraViewController.swift in Sources */ = {isa = PBXBuildFile; fileRef = B1AF82D9244ABE9700FE0ED3 /* ProfileCameraViewController.swift */; };
		B1AF82DC244AD58000FE0ED3 /* ProfileViewController.swift in Sources */ = {isa = PBXBuildFile; fileRef = B1AF82DB244AD58000FE0ED3 /* ProfileViewController.swift */; };
		B1AF82DE244AE4D200FE0ED3 /* ProfileCell.swift in Sources */ = {isa = PBXBuildFile; fileRef = B1AF82DD244AE4D200FE0ED3 /* ProfileCell.swift */; };
		DDCC24DB8BF953CB9434D35D /* Pods_FoodEx_FoodExUITests.framework in Frameworks */ = {isa = PBXBuildFile; fileRef = BFFFFD0C76699761B7383670 /* Pods_FoodEx_FoodExUITests.framework */; };
		F2A4F186A3273E60FB2E9B4B /* Pods_FoodExTests.framework in Frameworks */ = {isa = PBXBuildFile; fileRef = 8820DD8A23AF0BDF076152FD /* Pods_FoodExTests.framework */; };
/* End PBXBuildFile section */

/* Begin PBXContainerItemProxy section */
		B11F69C4240DDCA1006B96A9 /* PBXContainerItemProxy */ = {
			isa = PBXContainerItemProxy;
			containerPortal = B11F69A5240DDC9E006B96A9 /* Project object */;
			proxyType = 1;
			remoteGlobalIDString = B11F69AC240DDC9E006B96A9;
			remoteInfo = FoodEx;
		};
		B11F69CF240DDCA1006B96A9 /* PBXContainerItemProxy */ = {
			isa = PBXContainerItemProxy;
			containerPortal = B11F69A5240DDC9E006B96A9 /* Project object */;
			proxyType = 1;
			remoteGlobalIDString = B11F69AC240DDC9E006B96A9;
			remoteInfo = FoodEx;
		};
/* End PBXContainerItemProxy section */

/* Begin PBXFileReference section */
		15625CDC1DD6AA15A7B99DE2 /* Pods-FoodEx.debug.xcconfig */ = {isa = PBXFileReference; includeInIndex = 1; lastKnownFileType = text.xcconfig; name = "Pods-FoodEx.debug.xcconfig"; path = "Target Support Files/Pods-FoodEx/Pods-FoodEx.debug.xcconfig"; sourceTree = "<group>"; };
		3F3EEF045B704FBF18D4963E /* Pods_FoodEx.framework */ = {isa = PBXFileReference; explicitFileType = wrapper.framework; includeInIndex = 0; path = Pods_FoodEx.framework; sourceTree = BUILT_PRODUCTS_DIR; };
		493366B624202CEF00A3FB7F /* LoginViewController.swift */ = {isa = PBXFileReference; lastKnownFileType = sourcecode.swift; path = LoginViewController.swift; sourceTree = "<group>"; };
		493366B824202D1C00A3FB7F /* FeedViewController.swift */ = {isa = PBXFileReference; lastKnownFileType = sourcecode.swift; path = FeedViewController.swift; sourceTree = "<group>"; };
		493366BA2420316200A3FB7F /* SignupViewController.swift */ = {isa = PBXFileReference; lastKnownFileType = sourcecode.swift; path = SignupViewController.swift; sourceTree = "<group>"; };
		49C5EA7C2443EBE00005A807 /* MapKit.framework */ = {isa = PBXFileReference; lastKnownFileType = wrapper.framework; name = MapKit.framework; path = System/Library/Frameworks/MapKit.framework; sourceTree = SDKROOT; };
		49C5EA7E2443EF770005A807 /* PhotoMapViewController.swift */ = {isa = PBXFileReference; lastKnownFileType = sourcecode.swift; path = PhotoMapViewController.swift; sourceTree = "<group>"; };
		49C5EA80244405A90005A807 /* CoreLocation.framework */ = {isa = PBXFileReference; lastKnownFileType = wrapper.framework; name = CoreLocation.framework; path = System/Library/Frameworks/CoreLocation.framework; sourceTree = SDKROOT; };
		5979576C6D60126F61F36230 /* Pods-FoodExTests.release.xcconfig */ = {isa = PBXFileReference; includeInIndex = 1; lastKnownFileType = text.xcconfig; name = "Pods-FoodExTests.release.xcconfig"; path = "Target Support Files/Pods-FoodExTests/Pods-FoodExTests.release.xcconfig"; sourceTree = "<group>"; };
		75531D0F24445E510015D541 /* PostCell.swift */ = {isa = PBXFileReference; lastKnownFileType = sourcecode.swift; path = PostCell.swift; sourceTree = "<group>"; };
		8820DD8A23AF0BDF076152FD /* Pods_FoodExTests.framework */ = {isa = PBXFileReference; explicitFileType = wrapper.framework; includeInIndex = 0; path = Pods_FoodExTests.framework; sourceTree = BUILT_PRODUCTS_DIR; };
		978C4A3176F8942FB08C1762 /* Pods-FoodEx-FoodExUITests.debug.xcconfig */ = {isa = PBXFileReference; includeInIndex = 1; lastKnownFileType = text.xcconfig; name = "Pods-FoodEx-FoodExUITests.debug.xcconfig"; path = "Target Support Files/Pods-FoodEx-FoodExUITests/Pods-FoodEx-FoodExUITests.debug.xcconfig"; sourceTree = "<group>"; };
		A92DD158A2E332CCB3F38A18 /* Pods-FoodExTests.debug.xcconfig */ = {isa = PBXFileReference; includeInIndex = 1; lastKnownFileType = text.xcconfig; name = "Pods-FoodExTests.debug.xcconfig"; path = "Target Support Files/Pods-FoodExTests/Pods-FoodExTests.debug.xcconfig"; sourceTree = "<group>"; };
		B11F69AD240DDC9E006B96A9 /* FoodEx.app */ = {isa = PBXFileReference; explicitFileType = wrapper.application; includeInIndex = 0; path = FoodEx.app; sourceTree = BUILT_PRODUCTS_DIR; };
		B11F69B0240DDC9E006B96A9 /* AppDelegate.swift */ = {isa = PBXFileReference; lastKnownFileType = sourcecode.swift; path = AppDelegate.swift; sourceTree = "<group>"; };
		B11F69B2240DDC9E006B96A9 /* SceneDelegate.swift */ = {isa = PBXFileReference; lastKnownFileType = sourcecode.swift; path = SceneDelegate.swift; sourceTree = "<group>"; };
		B11F69B7240DDC9E006B96A9 /* Base */ = {isa = PBXFileReference; lastKnownFileType = file.storyboard; name = Base; path = Base.lproj/Main.storyboard; sourceTree = "<group>"; };
		B11F69B9240DDCA1006B96A9 /* Assets.xcassets */ = {isa = PBXFileReference; lastKnownFileType = folder.assetcatalog; path = Assets.xcassets; sourceTree = "<group>"; };
		B11F69BC240DDCA1006B96A9 /* Base */ = {isa = PBXFileReference; lastKnownFileType = file.storyboard; name = Base; path = Base.lproj/LaunchScreen.storyboard; sourceTree = "<group>"; };
		B11F69BE240DDCA1006B96A9 /* Info.plist */ = {isa = PBXFileReference; lastKnownFileType = text.plist.xml; path = Info.plist; sourceTree = "<group>"; };
		B11F69C3240DDCA1006B96A9 /* FoodExTests.xctest */ = {isa = PBXFileReference; explicitFileType = wrapper.cfbundle; includeInIndex = 0; path = FoodExTests.xctest; sourceTree = BUILT_PRODUCTS_DIR; };
		B11F69C7240DDCA1006B96A9 /* FoodExTests.swift */ = {isa = PBXFileReference; lastKnownFileType = sourcecode.swift; path = FoodExTests.swift; sourceTree = "<group>"; };
		B11F69C9240DDCA1006B96A9 /* Info.plist */ = {isa = PBXFileReference; lastKnownFileType = text.plist.xml; path = Info.plist; sourceTree = "<group>"; };
		B11F69CE240DDCA1006B96A9 /* FoodExUITests.xctest */ = {isa = PBXFileReference; explicitFileType = wrapper.cfbundle; includeInIndex = 0; path = FoodExUITests.xctest; sourceTree = BUILT_PRODUCTS_DIR; };
		B11F69D2240DDCA1006B96A9 /* FoodExUITests.swift */ = {isa = PBXFileReference; lastKnownFileType = sourcecode.swift; path = FoodExUITests.swift; sourceTree = "<group>"; };
		B11F69D4240DDCA1006B96A9 /* Info.plist */ = {isa = PBXFileReference; lastKnownFileType = text.plist.xml; path = Info.plist; sourceTree = "<group>"; };
		B11F69E624414EE6006B96A9 /* PhotoViewController.swift */ = {isa = PBXFileReference; lastKnownFileType = sourcecode.swift; path = PhotoViewController.swift; sourceTree = "<group>"; };
		B1AF82D9244ABE9700FE0ED3 /* ProfileCameraViewController.swift */ = {isa = PBXFileReference; lastKnownFileType = sourcecode.swift; path = ProfileCameraViewController.swift; sourceTree = "<group>"; };
		B1AF82DB244AD58000FE0ED3 /* ProfileViewController.swift */ = {isa = PBXFileReference; lastKnownFileType = sourcecode.swift; path = ProfileViewController.swift; sourceTree = "<group>"; };
		B1AF82DD244AE4D200FE0ED3 /* ProfileCell.swift */ = {isa = PBXFileReference; lastKnownFileType = sourcecode.swift; path = ProfileCell.swift; sourceTree = "<group>"; };
		BEE5503CCEE72D8C23CA683A /* Pods-FoodEx.release.xcconfig */ = {isa = PBXFileReference; includeInIndex = 1; lastKnownFileType = text.xcconfig; name = "Pods-FoodEx.release.xcconfig"; path = "Target Support Files/Pods-FoodEx/Pods-FoodEx.release.xcconfig"; sourceTree = "<group>"; };
		BFFFFD0C76699761B7383670 /* Pods_FoodEx_FoodExUITests.framework */ = {isa = PBXFileReference; explicitFileType = wrapper.framework; includeInIndex = 0; path = Pods_FoodEx_FoodExUITests.framework; sourceTree = BUILT_PRODUCTS_DIR; };
		E22F8CA292A76F4DFDE5B009 /* Pods-FoodEx-FoodExUITests.release.xcconfig */ = {isa = PBXFileReference; includeInIndex = 1; lastKnownFileType = text.xcconfig; name = "Pods-FoodEx-FoodExUITests.release.xcconfig"; path = "Target Support Files/Pods-FoodEx-FoodExUITests/Pods-FoodEx-FoodExUITests.release.xcconfig"; sourceTree = "<group>"; };
/* End PBXFileReference section */

/* Begin PBXFrameworksBuildPhase section */
		B11F69AA240DDC9E006B96A9 /* Frameworks */ = {
			isa = PBXFrameworksBuildPhase;
			buildActionMask = 2147483647;
			files = (
				49C5EA81244405A90005A807 /* CoreLocation.framework in Frameworks */,
				49C5EA7D2443EBE00005A807 /* MapKit.framework in Frameworks */,
				6FA17407EC990D5C0F139A02 /* Pods_FoodEx.framework in Frameworks */,
			);
			runOnlyForDeploymentPostprocessing = 0;
		};
		B11F69C0240DDCA1006B96A9 /* Frameworks */ = {
			isa = PBXFrameworksBuildPhase;
			buildActionMask = 2147483647;
			files = (
				F2A4F186A3273E60FB2E9B4B /* Pods_FoodExTests.framework in Frameworks */,
			);
			runOnlyForDeploymentPostprocessing = 0;
		};
		B11F69CB240DDCA1006B96A9 /* Frameworks */ = {
			isa = PBXFrameworksBuildPhase;
			buildActionMask = 2147483647;
			files = (
				DDCC24DB8BF953CB9434D35D /* Pods_FoodEx_FoodExUITests.framework in Frameworks */,
			);
			runOnlyForDeploymentPostprocessing = 0;
		};
/* End PBXFrameworksBuildPhase section */

/* Begin PBXGroup section */
		19BDF6A5D50C53C80C9D3644 /* Pods */ = {
			isa = PBXGroup;
			children = (
				15625CDC1DD6AA15A7B99DE2 /* Pods-FoodEx.debug.xcconfig */,
				BEE5503CCEE72D8C23CA683A /* Pods-FoodEx.release.xcconfig */,
				978C4A3176F8942FB08C1762 /* Pods-FoodEx-FoodExUITests.debug.xcconfig */,
				E22F8CA292A76F4DFDE5B009 /* Pods-FoodEx-FoodExUITests.release.xcconfig */,
				A92DD158A2E332CCB3F38A18 /* Pods-FoodExTests.debug.xcconfig */,
				5979576C6D60126F61F36230 /* Pods-FoodExTests.release.xcconfig */,
			);
			path = Pods;
			sourceTree = "<group>";
		};
		2D779BFA9FEA4E6139618A9E /* Frameworks */ = {
			isa = PBXGroup;
			children = (
				49C5EA80244405A90005A807 /* CoreLocation.framework */,
				49C5EA7C2443EBE00005A807 /* MapKit.framework */,
				3F3EEF045B704FBF18D4963E /* Pods_FoodEx.framework */,
				BFFFFD0C76699761B7383670 /* Pods_FoodEx_FoodExUITests.framework */,
				8820DD8A23AF0BDF076152FD /* Pods_FoodExTests.framework */,
			);
			name = Frameworks;
			sourceTree = "<group>";
		};
		B11F69A4240DDC9E006B96A9 = {
			isa = PBXGroup;
			children = (
				B11F69AF240DDC9E006B96A9 /* FoodEx */,
				B11F69C6240DDCA1006B96A9 /* FoodExTests */,
				B11F69D1240DDCA1006B96A9 /* FoodExUITests */,
				B11F69AE240DDC9E006B96A9 /* Products */,
				19BDF6A5D50C53C80C9D3644 /* Pods */,
				2D779BFA9FEA4E6139618A9E /* Frameworks */,
			);
			sourceTree = "<group>";
		};
		B11F69AE240DDC9E006B96A9 /* Products */ = {
			isa = PBXGroup;
			children = (
				B11F69AD240DDC9E006B96A9 /* FoodEx.app */,
				B11F69C3240DDCA1006B96A9 /* FoodExTests.xctest */,
				B11F69CE240DDCA1006B96A9 /* FoodExUITests.xctest */,
			);
			name = Products;
			sourceTree = "<group>";
		};
		B11F69AF240DDC9E006B96A9 /* FoodEx */ = {
			isa = PBXGroup;
			children = (
				B11F69B0240DDC9E006B96A9 /* AppDelegate.swift */,
				B11F69B2240DDC9E006B96A9 /* SceneDelegate.swift */,
				B11F69B6240DDC9E006B96A9 /* Main.storyboard */,
				75531D0F24445E510015D541 /* PostCell.swift */,
				B11F69B9240DDCA1006B96A9 /* Assets.xcassets */,
				B11F69BB240DDCA1006B96A9 /* LaunchScreen.storyboard */,
				B11F69E624414EE6006B96A9 /* PhotoViewController.swift */,
				493366B624202CEF00A3FB7F /* LoginViewController.swift */,
				493366B824202D1C00A3FB7F /* FeedViewController.swift */,
				493366BA2420316200A3FB7F /* SignupViewController.swift */,
				49C5EA7E2443EF770005A807 /* PhotoMapViewController.swift */,
				B11F69BE240DDCA1006B96A9 /* Info.plist */,
				B1AF82D9244ABE9700FE0ED3 /* ProfileCameraViewController.swift */,
				B1AF82DB244AD58000FE0ED3 /* ProfileViewController.swift */,
				B1AF82DD244AE4D200FE0ED3 /* ProfileCell.swift */,
			);
			path = FoodEx;
			sourceTree = "<group>";
		};
		B11F69C6240DDCA1006B96A9 /* FoodExTests */ = {
			isa = PBXGroup;
			children = (
				B11F69C7240DDCA1006B96A9 /* FoodExTests.swift */,
				B11F69C9240DDCA1006B96A9 /* Info.plist */,
			);
			path = FoodExTests;
			sourceTree = "<group>";
		};
		B11F69D1240DDCA1006B96A9 /* FoodExUITests */ = {
			isa = PBXGroup;
			children = (
				B11F69D2240DDCA1006B96A9 /* FoodExUITests.swift */,
				B11F69D4240DDCA1006B96A9 /* Info.plist */,
			);
			path = FoodExUITests;
			sourceTree = "<group>";
		};
/* End PBXGroup section */

/* Begin PBXNativeTarget section */
		B11F69AC240DDC9E006B96A9 /* FoodEx */ = {
			isa = PBXNativeTarget;
			buildConfigurationList = B11F69D7240DDCA1006B96A9 /* Build configuration list for PBXNativeTarget "FoodEx" */;
			buildPhases = (
				624624ED4CB55B3DCEF3645B /* [CP] Check Pods Manifest.lock */,
				B11F69A9240DDC9E006B96A9 /* Sources */,
				B11F69AA240DDC9E006B96A9 /* Frameworks */,
				B11F69AB240DDC9E006B96A9 /* Resources */,
				10B8C9F2B77E23925A80D59E /* [CP] Embed Pods Frameworks */,
			);
			buildRules = (
			);
			dependencies = (
			);
			name = FoodEx;
			productName = FoodEx;
			productReference = B11F69AD240DDC9E006B96A9 /* FoodEx.app */;
			productType = "com.apple.product-type.application";
		};
		B11F69C2240DDCA1006B96A9 /* FoodExTests */ = {
			isa = PBXNativeTarget;
			buildConfigurationList = B11F69DA240DDCA1006B96A9 /* Build configuration list for PBXNativeTarget "FoodExTests" */;
			buildPhases = (
				A23BF8F0B993F9A559CC3F77 /* [CP] Check Pods Manifest.lock */,
				B11F69BF240DDCA1006B96A9 /* Sources */,
				B11F69C0240DDCA1006B96A9 /* Frameworks */,
				B11F69C1240DDCA1006B96A9 /* Resources */,
			);
			buildRules = (
			);
			dependencies = (
				B11F69C5240DDCA1006B96A9 /* PBXTargetDependency */,
			);
			name = FoodExTests;
			productName = FoodExTests;
			productReference = B11F69C3240DDCA1006B96A9 /* FoodExTests.xctest */;
			productType = "com.apple.product-type.bundle.unit-test";
		};
		B11F69CD240DDCA1006B96A9 /* FoodExUITests */ = {
			isa = PBXNativeTarget;
			buildConfigurationList = B11F69DD240DDCA1006B96A9 /* Build configuration list for PBXNativeTarget "FoodExUITests" */;
			buildPhases = (
				5C999C7439A104D6CA025A4C /* [CP] Check Pods Manifest.lock */,
				B11F69CA240DDCA1006B96A9 /* Sources */,
				B11F69CB240DDCA1006B96A9 /* Frameworks */,
				B11F69CC240DDCA1006B96A9 /* Resources */,
				9A80950343BFB8DCDE3FE9A2 /* [CP] Embed Pods Frameworks */,
			);
			buildRules = (
			);
			dependencies = (
				B11F69D0240DDCA1006B96A9 /* PBXTargetDependency */,
			);
			name = FoodExUITests;
			productName = FoodExUITests;
			productReference = B11F69CE240DDCA1006B96A9 /* FoodExUITests.xctest */;
			productType = "com.apple.product-type.bundle.ui-testing";
		};
/* End PBXNativeTarget section */

/* Begin PBXProject section */
		B11F69A5240DDC9E006B96A9 /* Project object */ = {
			isa = PBXProject;
			attributes = {
				LastSwiftUpdateCheck = 1130;
				LastUpgradeCheck = 1130;
				ORGANIZATIONNAME = "Juan Zuniga";
				TargetAttributes = {
					B11F69AC240DDC9E006B96A9 = {
						CreatedOnToolsVersion = 11.3.1;
					};
					B11F69C2240DDCA1006B96A9 = {
						CreatedOnToolsVersion = 11.3.1;
						TestTargetID = B11F69AC240DDC9E006B96A9;
					};
					B11F69CD240DDCA1006B96A9 = {
						CreatedOnToolsVersion = 11.3.1;
						TestTargetID = B11F69AC240DDC9E006B96A9;
					};
				};
			};
			buildConfigurationList = B11F69A8240DDC9E006B96A9 /* Build configuration list for PBXProject "FoodEx" */;
			compatibilityVersion = "Xcode 9.3";
			developmentRegion = en;
			hasScannedForEncodings = 0;
			knownRegions = (
				en,
				Base,
			);
			mainGroup = B11F69A4240DDC9E006B96A9;
			productRefGroup = B11F69AE240DDC9E006B96A9 /* Products */;
			projectDirPath = "";
			projectRoot = "";
			targets = (
				B11F69AC240DDC9E006B96A9 /* FoodEx */,
				B11F69C2240DDCA1006B96A9 /* FoodExTests */,
				B11F69CD240DDCA1006B96A9 /* FoodExUITests */,
			);
		};
/* End PBXProject section */

/* Begin PBXResourcesBuildPhase section */
		B11F69AB240DDC9E006B96A9 /* Resources */ = {
			isa = PBXResourcesBuildPhase;
			buildActionMask = 2147483647;
			files = (
				B11F69BD240DDCA1006B96A9 /* LaunchScreen.storyboard in Resources */,
				B11F69BA240DDCA1006B96A9 /* Assets.xcassets in Resources */,
				B11F69B8240DDC9E006B96A9 /* Main.storyboard in Resources */,
			);
			runOnlyForDeploymentPostprocessing = 0;
		};
		B11F69C1240DDCA1006B96A9 /* Resources */ = {
			isa = PBXResourcesBuildPhase;
			buildActionMask = 2147483647;
			files = (
			);
			runOnlyForDeploymentPostprocessing = 0;
		};
		B11F69CC240DDCA1006B96A9 /* Resources */ = {
			isa = PBXResourcesBuildPhase;
			buildActionMask = 2147483647;
			files = (
			);
			runOnlyForDeploymentPostprocessing = 0;
		};
/* End PBXResourcesBuildPhase section */

/* Begin PBXShellScriptBuildPhase section */
		10B8C9F2B77E23925A80D59E /* [CP] Embed Pods Frameworks */ = {
			isa = PBXShellScriptBuildPhase;
			buildActionMask = 2147483647;
			files = (
			);
			inputFileListPaths = (
				"${PODS_ROOT}/Target Support Files/Pods-FoodEx/Pods-FoodEx-frameworks-${CONFIGURATION}-input-files.xcfilelist",
			);
			name = "[CP] Embed Pods Frameworks";
			outputFileListPaths = (
				"${PODS_ROOT}/Target Support Files/Pods-FoodEx/Pods-FoodEx-frameworks-${CONFIGURATION}-output-files.xcfilelist",
			);
			runOnlyForDeploymentPostprocessing = 0;
			shellPath = /bin/sh;
			shellScript = "\"${PODS_ROOT}/Target Support Files/Pods-FoodEx/Pods-FoodEx-frameworks.sh\"\n";
			showEnvVarsInLog = 0;
		};
		5C999C7439A104D6CA025A4C /* [CP] Check Pods Manifest.lock */ = {
			isa = PBXShellScriptBuildPhase;
			buildActionMask = 2147483647;
			files = (
			);
			inputFileListPaths = (
			);
			inputPaths = (
				"${PODS_PODFILE_DIR_PATH}/Podfile.lock",
				"${PODS_ROOT}/Manifest.lock",
			);
			name = "[CP] Check Pods Manifest.lock";
			outputFileListPaths = (
			);
			outputPaths = (
				"$(DERIVED_FILE_DIR)/Pods-FoodEx-FoodExUITests-checkManifestLockResult.txt",
			);
			runOnlyForDeploymentPostprocessing = 0;
			shellPath = /bin/sh;
			shellScript = "diff \"${PODS_PODFILE_DIR_PATH}/Podfile.lock\" \"${PODS_ROOT}/Manifest.lock\" > /dev/null\nif [ $? != 0 ] ; then\n    # print error to STDERR\n    echo \"error: The sandbox is not in sync with the Podfile.lock. Run 'pod install' or update your CocoaPods installation.\" >&2\n    exit 1\nfi\n# This output is used by Xcode 'outputs' to avoid re-running this script phase.\necho \"SUCCESS\" > \"${SCRIPT_OUTPUT_FILE_0}\"\n";
			showEnvVarsInLog = 0;
		};
		624624ED4CB55B3DCEF3645B /* [CP] Check Pods Manifest.lock */ = {
			isa = PBXShellScriptBuildPhase;
			buildActionMask = 2147483647;
			files = (
			);
			inputFileListPaths = (
			);
			inputPaths = (
				"${PODS_PODFILE_DIR_PATH}/Podfile.lock",
				"${PODS_ROOT}/Manifest.lock",
			);
			name = "[CP] Check Pods Manifest.lock";
			outputFileListPaths = (
			);
			outputPaths = (
				"$(DERIVED_FILE_DIR)/Pods-FoodEx-checkManifestLockResult.txt",
			);
			runOnlyForDeploymentPostprocessing = 0;
			shellPath = /bin/sh;
			shellScript = "diff \"${PODS_PODFILE_DIR_PATH}/Podfile.lock\" \"${PODS_ROOT}/Manifest.lock\" > /dev/null\nif [ $? != 0 ] ; then\n    # print error to STDERR\n    echo \"error: The sandbox is not in sync with the Podfile.lock. Run 'pod install' or update your CocoaPods installation.\" >&2\n    exit 1\nfi\n# This output is used by Xcode 'outputs' to avoid re-running this script phase.\necho \"SUCCESS\" > \"${SCRIPT_OUTPUT_FILE_0}\"\n";
			showEnvVarsInLog = 0;
		};
		9A80950343BFB8DCDE3FE9A2 /* [CP] Embed Pods Frameworks */ = {
			isa = PBXShellScriptBuildPhase;
			buildActionMask = 2147483647;
			files = (
			);
			inputFileListPaths = (
				"${PODS_ROOT}/Target Support Files/Pods-FoodEx-FoodExUITests/Pods-FoodEx-FoodExUITests-frameworks-${CONFIGURATION}-input-files.xcfilelist",
			);
			name = "[CP] Embed Pods Frameworks";
			outputFileListPaths = (
				"${PODS_ROOT}/Target Support Files/Pods-FoodEx-FoodExUITests/Pods-FoodEx-FoodExUITests-frameworks-${CONFIGURATION}-output-files.xcfilelist",
			);
			runOnlyForDeploymentPostprocessing = 0;
			shellPath = /bin/sh;
			shellScript = "\"${PODS_ROOT}/Target Support Files/Pods-FoodEx-FoodExUITests/Pods-FoodEx-FoodExUITests-frameworks.sh\"\n";
			showEnvVarsInLog = 0;
		};
		A23BF8F0B993F9A559CC3F77 /* [CP] Check Pods Manifest.lock */ = {
			isa = PBXShellScriptBuildPhase;
			buildActionMask = 2147483647;
			files = (
			);
			inputFileListPaths = (
			);
			inputPaths = (
				"${PODS_PODFILE_DIR_PATH}/Podfile.lock",
				"${PODS_ROOT}/Manifest.lock",
			);
			name = "[CP] Check Pods Manifest.lock";
			outputFileListPaths = (
			);
			outputPaths = (
				"$(DERIVED_FILE_DIR)/Pods-FoodExTests-checkManifestLockResult.txt",
			);
			runOnlyForDeploymentPostprocessing = 0;
			shellPath = /bin/sh;
			shellScript = "diff \"${PODS_PODFILE_DIR_PATH}/Podfile.lock\" \"${PODS_ROOT}/Manifest.lock\" > /dev/null\nif [ $? != 0 ] ; then\n    # print error to STDERR\n    echo \"error: The sandbox is not in sync with the Podfile.lock. Run 'pod install' or update your CocoaPods installation.\" >&2\n    exit 1\nfi\n# This output is used by Xcode 'outputs' to avoid re-running this script phase.\necho \"SUCCESS\" > \"${SCRIPT_OUTPUT_FILE_0}\"\n";
			showEnvVarsInLog = 0;
		};
/* End PBXShellScriptBuildPhase section */

/* Begin PBXSourcesBuildPhase section */
		B11F69A9240DDC9E006B96A9 /* Sources */ = {
			isa = PBXSourcesBuildPhase;
			buildActionMask = 2147483647;
			files = (
				B1AF82DA244ABE9700FE0ED3 /* ProfileCameraViewController.swift in Sources */,
				49C5EA7F2443EF770005A807 /* PhotoMapViewController.swift in Sources */,
				B1AF82DC244AD58000FE0ED3 /* ProfileViewController.swift in Sources */,
				B1AF82DE244AE4D200FE0ED3 /* ProfileCell.swift in Sources */,
				493366B724202CEF00A3FB7F /* LoginViewController.swift in Sources */,
				B11F69B1240DDC9E006B96A9 /* AppDelegate.swift in Sources */,
				493366BB2420316200A3FB7F /* SignupViewController.swift in Sources */,
				493366B924202D1C00A3FB7F /* FeedViewController.swift in Sources */,
				B11F69B3240DDC9E006B96A9 /* SceneDelegate.swift in Sources */,
				B11F69E724414EE6006B96A9 /* PhotoViewController.swift in Sources */,
				75531D1024445E510015D541 /* PostCell.swift in Sources */,
			);
			runOnlyForDeploymentPostprocessing = 0;
		};
		B11F69BF240DDCA1006B96A9 /* Sources */ = {
			isa = PBXSourcesBuildPhase;
			buildActionMask = 2147483647;
			files = (
				B11F69C8240DDCA1006B96A9 /* FoodExTests.swift in Sources */,
			);
			runOnlyForDeploymentPostprocessing = 0;
		};
		B11F69CA240DDCA1006B96A9 /* Sources */ = {
			isa = PBXSourcesBuildPhase;
			buildActionMask = 2147483647;
			files = (
				B11F69D3240DDCA1006B96A9 /* FoodExUITests.swift in Sources */,
			);
			runOnlyForDeploymentPostprocessing = 0;
		};
/* End PBXSourcesBuildPhase section */

/* Begin PBXTargetDependency section */
		B11F69C5240DDCA1006B96A9 /* PBXTargetDependency */ = {
			isa = PBXTargetDependency;
			target = B11F69AC240DDC9E006B96A9 /* FoodEx */;
			targetProxy = B11F69C4240DDCA1006B96A9 /* PBXContainerItemProxy */;
		};
		B11F69D0240DDCA1006B96A9 /* PBXTargetDependency */ = {
			isa = PBXTargetDependency;
			target = B11F69AC240DDC9E006B96A9 /* FoodEx */;
			targetProxy = B11F69CF240DDCA1006B96A9 /* PBXContainerItemProxy */;
		};
/* End PBXTargetDependency section */

/* Begin PBXVariantGroup section */
		B11F69B6240DDC9E006B96A9 /* Main.storyboard */ = {
			isa = PBXVariantGroup;
			children = (
				B11F69B7240DDC9E006B96A9 /* Base */,
			);
			name = Main.storyboard;
			sourceTree = "<group>";
		};
		B11F69BB240DDCA1006B96A9 /* LaunchScreen.storyboard */ = {
			isa = PBXVariantGroup;
			children = (
				B11F69BC240DDCA1006B96A9 /* Base */,
			);
			name = LaunchScreen.storyboard;
			sourceTree = "<group>";
		};
/* End PBXVariantGroup section */

/* Begin XCBuildConfiguration section */
		B11F69D5240DDCA1006B96A9 /* Debug */ = {
			isa = XCBuildConfiguration;
			buildSettings = {
				ALWAYS_SEARCH_USER_PATHS = NO;
				CLANG_ANALYZER_NONNULL = YES;
				CLANG_ANALYZER_NUMBER_OBJECT_CONVERSION = YES_AGGRESSIVE;
				CLANG_CXX_LANGUAGE_STANDARD = "gnu++14";
				CLANG_CXX_LIBRARY = "libc++";
				CLANG_ENABLE_MODULES = YES;
				CLANG_ENABLE_OBJC_ARC = YES;
				CLANG_ENABLE_OBJC_WEAK = YES;
				CLANG_WARN_BLOCK_CAPTURE_AUTORELEASING = YES;
				CLANG_WARN_BOOL_CONVERSION = YES;
				CLANG_WARN_COMMA = YES;
				CLANG_WARN_CONSTANT_CONVERSION = YES;
				CLANG_WARN_DEPRECATED_OBJC_IMPLEMENTATIONS = YES;
				CLANG_WARN_DIRECT_OBJC_ISA_USAGE = YES_ERROR;
				CLANG_WARN_DOCUMENTATION_COMMENTS = YES;
				CLANG_WARN_EMPTY_BODY = YES;
				CLANG_WARN_ENUM_CONVERSION = YES;
				CLANG_WARN_INFINITE_RECURSION = YES;
				CLANG_WARN_INT_CONVERSION = YES;
				CLANG_WARN_NON_LITERAL_NULL_CONVERSION = YES;
				CLANG_WARN_OBJC_IMPLICIT_RETAIN_SELF = YES;
				CLANG_WARN_OBJC_LITERAL_CONVERSION = YES;
				CLANG_WARN_OBJC_ROOT_CLASS = YES_ERROR;
				CLANG_WARN_RANGE_LOOP_ANALYSIS = YES;
				CLANG_WARN_STRICT_PROTOTYPES = YES;
				CLANG_WARN_SUSPICIOUS_MOVE = YES;
				CLANG_WARN_UNGUARDED_AVAILABILITY = YES_AGGRESSIVE;
				CLANG_WARN_UNREACHABLE_CODE = YES;
				CLANG_WARN__DUPLICATE_METHOD_MATCH = YES;
				COPY_PHASE_STRIP = NO;
				DEBUG_INFORMATION_FORMAT = dwarf;
				ENABLE_STRICT_OBJC_MSGSEND = YES;
				ENABLE_TESTABILITY = YES;
				GCC_C_LANGUAGE_STANDARD = gnu11;
				GCC_DYNAMIC_NO_PIC = NO;
				GCC_NO_COMMON_BLOCKS = YES;
				GCC_OPTIMIZATION_LEVEL = 0;
				GCC_PREPROCESSOR_DEFINITIONS = (
					"DEBUG=1",
					"$(inherited)",
				);
				GCC_WARN_64_TO_32_BIT_CONVERSION = YES;
				GCC_WARN_ABOUT_RETURN_TYPE = YES_ERROR;
				GCC_WARN_UNDECLARED_SELECTOR = YES;
				GCC_WARN_UNINITIALIZED_AUTOS = YES_AGGRESSIVE;
				GCC_WARN_UNUSED_FUNCTION = YES;
				GCC_WARN_UNUSED_VARIABLE = YES;
				IPHONEOS_DEPLOYMENT_TARGET = 13.2;
				MTL_ENABLE_DEBUG_INFO = INCLUDE_SOURCE;
				MTL_FAST_MATH = YES;
				ONLY_ACTIVE_ARCH = YES;
				SDKROOT = iphoneos;
				SWIFT_ACTIVE_COMPILATION_CONDITIONS = DEBUG;
				SWIFT_OPTIMIZATION_LEVEL = "-Onone";
			};
			name = Debug;
		};
		B11F69D6240DDCA1006B96A9 /* Release */ = {
			isa = XCBuildConfiguration;
			buildSettings = {
				ALWAYS_SEARCH_USER_PATHS = NO;
				CLANG_ANALYZER_NONNULL = YES;
				CLANG_ANALYZER_NUMBER_OBJECT_CONVERSION = YES_AGGRESSIVE;
				CLANG_CXX_LANGUAGE_STANDARD = "gnu++14";
				CLANG_CXX_LIBRARY = "libc++";
				CLANG_ENABLE_MODULES = YES;
				CLANG_ENABLE_OBJC_ARC = YES;
				CLANG_ENABLE_OBJC_WEAK = YES;
				CLANG_WARN_BLOCK_CAPTURE_AUTORELEASING = YES;
				CLANG_WARN_BOOL_CONVERSION = YES;
				CLANG_WARN_COMMA = YES;
				CLANG_WARN_CONSTANT_CONVERSION = YES;
				CLANG_WARN_DEPRECATED_OBJC_IMPLEMENTATIONS = YES;
				CLANG_WARN_DIRECT_OBJC_ISA_USAGE = YES_ERROR;
				CLANG_WARN_DOCUMENTATION_COMMENTS = YES;
				CLANG_WARN_EMPTY_BODY = YES;
				CLANG_WARN_ENUM_CONVERSION = YES;
				CLANG_WARN_INFINITE_RECURSION = YES;
				CLANG_WARN_INT_CONVERSION = YES;
				CLANG_WARN_NON_LITERAL_NULL_CONVERSION = YES;
				CLANG_WARN_OBJC_IMPLICIT_RETAIN_SELF = YES;
				CLANG_WARN_OBJC_LITERAL_CONVERSION = YES;
				CLANG_WARN_OBJC_ROOT_CLASS = YES_ERROR;
				CLANG_WARN_RANGE_LOOP_ANALYSIS = YES;
				CLANG_WARN_STRICT_PROTOTYPES = YES;
				CLANG_WARN_SUSPICIOUS_MOVE = YES;
				CLANG_WARN_UNGUARDED_AVAILABILITY = YES_AGGRESSIVE;
				CLANG_WARN_UNREACHABLE_CODE = YES;
				CLANG_WARN__DUPLICATE_METHOD_MATCH = YES;
				COPY_PHASE_STRIP = NO;
				DEBUG_INFORMATION_FORMAT = "dwarf-with-dsym";
				ENABLE_NS_ASSERTIONS = NO;
				ENABLE_STRICT_OBJC_MSGSEND = YES;
				GCC_C_LANGUAGE_STANDARD = gnu11;
				GCC_NO_COMMON_BLOCKS = YES;
				GCC_WARN_64_TO_32_BIT_CONVERSION = YES;
				GCC_WARN_ABOUT_RETURN_TYPE = YES_ERROR;
				GCC_WARN_UNDECLARED_SELECTOR = YES;
				GCC_WARN_UNINITIALIZED_AUTOS = YES_AGGRESSIVE;
				GCC_WARN_UNUSED_FUNCTION = YES;
				GCC_WARN_UNUSED_VARIABLE = YES;
				IPHONEOS_DEPLOYMENT_TARGET = 13.2;
				MTL_ENABLE_DEBUG_INFO = NO;
				MTL_FAST_MATH = YES;
				SDKROOT = iphoneos;
				SWIFT_COMPILATION_MODE = wholemodule;
				SWIFT_OPTIMIZATION_LEVEL = "-O";
				VALIDATE_PRODUCT = YES;
			};
			name = Release;
		};
		B11F69D8240DDCA1006B96A9 /* Debug */ = {
			isa = XCBuildConfiguration;
			baseConfigurationReference = 15625CDC1DD6AA15A7B99DE2 /* Pods-FoodEx.debug.xcconfig */;
			buildSettings = {
				ASSETCATALOG_COMPILER_APPICON_NAME = AppIcon;
				CODE_SIGN_STYLE = Automatic;
				DEVELOPMENT_TEAM = 63HF7ZC54Z;
				INFOPLIST_FILE = FoodEx/Info.plist;
				LD_RUNPATH_SEARCH_PATHS = (
					"$(inherited)",
					"@executable_path/Frameworks",
				);
				PRODUCT_BUNDLE_IDENTIFIER = com.csumb.FoodEx;
				PRODUCT_NAME = "$(TARGET_NAME)";
				SWIFT_VERSION = 5.0;
				TARGETED_DEVICE_FAMILY = "1,2";
			};
			name = Debug;
		};
		B11F69D9240DDCA1006B96A9 /* Release */ = {
			isa = XCBuildConfiguration;
			baseConfigurationReference = BEE5503CCEE72D8C23CA683A /* Pods-FoodEx.release.xcconfig */;
			buildSettings = {
				ASSETCATALOG_COMPILER_APPICON_NAME = AppIcon;
				CODE_SIGN_STYLE = Automatic;
				DEVELOPMENT_TEAM = 63HF7ZC54Z;
				INFOPLIST_FILE = FoodEx/Info.plist;
				LD_RUNPATH_SEARCH_PATHS = (
					"$(inherited)",
					"@executable_path/Frameworks",
				);
				PRODUCT_BUNDLE_IDENTIFIER = com.csumb.FoodEx;
				PRODUCT_NAME = "$(TARGET_NAME)";
				SWIFT_VERSION = 5.0;
				TARGETED_DEVICE_FAMILY = "1,2";
			};
			name = Release;
		};
		B11F69DB240DDCA1006B96A9 /* Debug */ = {
			isa = XCBuildConfiguration;
			baseConfigurationReference = A92DD158A2E332CCB3F38A18 /* Pods-FoodExTests.debug.xcconfig */;
			buildSettings = {
				ALWAYS_EMBED_SWIFT_STANDARD_LIBRARIES = YES;
				BUNDLE_LOADER = "$(TEST_HOST)";
				CODE_SIGN_STYLE = Automatic;
				INFOPLIST_FILE = FoodExTests/Info.plist;
				IPHONEOS_DEPLOYMENT_TARGET = 13.2;
				LD_RUNPATH_SEARCH_PATHS = (
					"$(inherited)",
					"@executable_path/Frameworks",
					"@loader_path/Frameworks",
				);
				PRODUCT_BUNDLE_IDENTIFIER = com.csumb.FoodExTests;
				PRODUCT_NAME = "$(TARGET_NAME)";
				SWIFT_VERSION = 5.0;
				TARGETED_DEVICE_FAMILY = "1,2";
				TEST_HOST = "$(BUILT_PRODUCTS_DIR)/FoodEx.app/FoodEx";
			};
			name = Debug;
		};
		B11F69DC240DDCA1006B96A9 /* Release */ = {
			isa = XCBuildConfiguration;
			baseConfigurationReference = 5979576C6D60126F61F36230 /* Pods-FoodExTests.release.xcconfig */;
			buildSettings = {
				ALWAYS_EMBED_SWIFT_STANDARD_LIBRARIES = YES;
				BUNDLE_LOADER = "$(TEST_HOST)";
				CODE_SIGN_STYLE = Automatic;
				INFOPLIST_FILE = FoodExTests/Info.plist;
				IPHONEOS_DEPLOYMENT_TARGET = 13.2;
				LD_RUNPATH_SEARCH_PATHS = (
					"$(inherited)",
					"@executable_path/Frameworks",
					"@loader_path/Frameworks",
				);
				PRODUCT_BUNDLE_IDENTIFIER = com.csumb.FoodExTests;
				PRODUCT_NAME = "$(TARGET_NAME)";
				SWIFT_VERSION = 5.0;
				TARGETED_DEVICE_FAMILY = "1,2";
				TEST_HOST = "$(BUILT_PRODUCTS_DIR)/FoodEx.app/FoodEx";
			};
			name = Release;
		};
		B11F69DE240DDCA1006B96A9 /* Debug */ = {
			isa = XCBuildConfiguration;
			baseConfigurationReference = 978C4A3176F8942FB08C1762 /* Pods-FoodEx-FoodExUITests.debug.xcconfig */;
			buildSettings = {
				ALWAYS_EMBED_SWIFT_STANDARD_LIBRARIES = YES;
				CODE_SIGN_STYLE = Automatic;
				INFOPLIST_FILE = FoodExUITests/Info.plist;
				LD_RUNPATH_SEARCH_PATHS = (
					"$(inherited)",
					"@executable_path/Frameworks",
					"@loader_path/Frameworks",
				);
				PRODUCT_BUNDLE_IDENTIFIER = com.csumb.FoodExUITests;
				PRODUCT_NAME = "$(TARGET_NAME)";
				SWIFT_VERSION = 5.0;
				TARGETED_DEVICE_FAMILY = "1,2";
				TEST_TARGET_NAME = FoodEx;
			};
			name = Debug;
		};
		B11F69DF240DDCA1006B96A9 /* Release */ = {
			isa = XCBuildConfiguration;
			baseConfigurationReference = E22F8CA292A76F4DFDE5B009 /* Pods-FoodEx-FoodExUITests.release.xcconfig */;
			buildSettings = {
				ALWAYS_EMBED_SWIFT_STANDARD_LIBRARIES = YES;
				CODE_SIGN_STYLE = Automatic;
				INFOPLIST_FILE = FoodExUITests/Info.plist;
				LD_RUNPATH_SEARCH_PATHS = (
					"$(inherited)",
					"@executable_path/Frameworks",
					"@loader_path/Frameworks",
				);
				PRODUCT_BUNDLE_IDENTIFIER = com.csumb.FoodExUITests;
				PRODUCT_NAME = "$(TARGET_NAME)";
				SWIFT_VERSION = 5.0;
				TARGETED_DEVICE_FAMILY = "1,2";
				TEST_TARGET_NAME = FoodEx;
			};
			name = Release;
		};
/* End XCBuildConfiguration section */

/* Begin XCConfigurationList section */
		B11F69A8240DDC9E006B96A9 /* Build configuration list for PBXProject "FoodEx" */ = {
			isa = XCConfigurationList;
			buildConfigurations = (
				B11F69D5240DDCA1006B96A9 /* Debug */,
				B11F69D6240DDCA1006B96A9 /* Release */,
			);
			defaultConfigurationIsVisible = 0;
			defaultConfigurationName = Release;
		};
		B11F69D7240DDCA1006B96A9 /* Build configuration list for PBXNativeTarget "FoodEx" */ = {
			isa = XCConfigurationList;
			buildConfigurations = (
				B11F69D8240DDCA1006B96A9 /* Debug */,
				B11F69D9240DDCA1006B96A9 /* Release */,
			);
			defaultConfigurationIsVisible = 0;
			defaultConfigurationName = Release;
		};
		B11F69DA240DDCA1006B96A9 /* Build configuration list for PBXNativeTarget "FoodExTests" */ = {
			isa = XCConfigurationList;
			buildConfigurations = (
				B11F69DB240DDCA1006B96A9 /* Debug */,
				B11F69DC240DDCA1006B96A9 /* Release */,
			);
			defaultConfigurationIsVisible = 0;
			defaultConfigurationName = Release;
		};
		B11F69DD240DDCA1006B96A9 /* Build configuration list for PBXNativeTarget "FoodExUITests" */ = {
			isa = XCConfigurationList;
			buildConfigurations = (
				B11F69DE240DDCA1006B96A9 /* Debug */,
				B11F69DF240DDCA1006B96A9 /* Release */,
			);
			defaultConfigurationIsVisible = 0;
			defaultConfigurationName = Release;
		};
/* End XCConfigurationList section */
	};
	rootObject = B11F69A5240DDC9E006B96A9 /* Project object */;
}
